
Microsoft Visual Studio Solution File, Format Version 12.00
# Visual Studio Version 16
VisualStudioVersion = 16.0.30114.105
MinimumVisualStudioVersion = 10.0.40219.1
Project("{2150E333-8FDC-42A3-9474-1A3956D46DE8}") = "src", "src", "{8A157C2F-51E0-4D84-A8AF-507DB838BC36}"
EndProject
Project("{FAE04EC0-301F-11D3-BF4B-00C04F79EFBC}") = "Kay", "src\Kay\Kay.csproj", "{FB3B235F-88D6-4DF5-8D7F-73FEFEFE1157}"
EndProject
Global
	GlobalSection(SolutionConfigurationPlatforms) = preSolution
		Debug|Any CPU = Debug|Any CPU
		Release|Any CPU = Release|Any CPU
	EndGlobalSection
	GlobalSection(SolutionProperties) = preSolution
		HideSolutionNode = FALSE
	EndGlobalSection
	GlobalSection(ProjectConfigurationPlatforms) = postSolution
		{FB3B235F-88D6-4DF5-8D7F-73FEFEFE1157}.Debug|Any CPU.ActiveCfg = Debug|Any CPU
		{FB3B235F-88D6-4DF5-8D7F-73FEFEFE1157}.Debug|Any CPU.Build.0 = Debug|Any CPU
		{FB3B235F-88D6-4DF5-8D7F-73FEFEFE1157}.Release|Any CPU.ActiveCfg = Release|Any CPU
		{FB3B235F-88D6-4DF5-8D7F-73FEFEFE1157}.Release|Any CPU.Build.0 = Release|Any CPU
	EndGlobalSection
	GlobalSection(NestedProjects) = preSolution
		{FB3B235F-88D6-4DF5-8D7F-73FEFEFE1157} = {8A157C2F-51E0-4D84-A8AF-507DB838BC36}
	EndGlobalSection
EndGlobal
